
Microsoft Visual Studio Solution File, Format Version 12.00
# Visual Studio 15
VisualStudioVersion = 15.0.28010.2046
MinimumVisualStudioVersion = 10.0.40219.1
Project("{FAE04EC0-301F-11D3-BF4B-00C04F79EFBC}") = "SortHelper", "SortHelper\SortHelper.csproj", "{6AB965B2-B2E1-4E29-A4AC-3DCB172BA9B9}"
EndProject
Project("{FAE04EC0-301F-11D3-BF4B-00C04F79EFBC}") = "SortHelper.Tests", "SortHelper.Tests\SortHelper.Tests.csproj", "{62494CD6-5211-484C-BDDA-4175FA9E8538}"
EndProject
Global
	GlobalSection(SolutionConfigurationPlatforms) = preSolution
		Debug|Any CPU = Debug|Any CPU
		Release|Any CPU = Release|Any CPU
	EndGlobalSection
	GlobalSection(ProjectConfigurationPlatforms) = postSolution
		{6AB965B2-B2E1-4E29-A4AC-3DCB172BA9B9}.Debug|Any CPU.ActiveCfg = Debug|Any CPU
		{6AB965B2-B2E1-4E29-A4AC-3DCB172BA9B9}.Debug|Any CPU.Build.0 = Debug|Any CPU
		{6AB965B2-B2E1-4E29-A4AC-3DCB172BA9B9}.Release|Any CPU.ActiveCfg = Release|Any CPU
		{6AB965B2-B2E1-4E29-A4AC-3DCB172BA9B9}.Release|Any CPU.Build.0 = Release|Any CPU
		{62494CD6-5211-484C-BDDA-4175FA9E8538}.Debug|Any CPU.ActiveCfg = Debug|Any CPU
		{62494CD6-5211-484C-BDDA-4175FA9E8538}.Debug|Any CPU.Build.0 = Debug|Any CPU
		{62494CD6-5211-484C-BDDA-4175FA9E8538}.Release|Any CPU.ActiveCfg = Release|Any CPU
		{62494CD6-5211-484C-BDDA-4175FA9E8538}.Release|Any CPU.Build.0 = Release|Any CPU
	EndGlobalSection
	GlobalSection(SolutionProperties) = preSolution
		HideSolutionNode = FALSE
	EndGlobalSection
	GlobalSection(ExtensibilityGlobals) = postSolution
		SolutionGuid = {D23986A5-5FD9-4C83-A116-C1D7FC12131D}
	EndGlobalSection
EndGlobal
